
Microsoft Visual Studio Solution File, Format Version 12.00
# Visual Studio Version 17
VisualStudioVersion = 17.0.32014.148
MinimumVisualStudioVersion = 10.0.40219.1
Project("{2150E333-8FDC-42A3-9474-1A3956D46DE8}") = "Data Structures", "Data Structures", "{DD00406E-DAEE-4ECC-A2E6-AAF69DD5BAA4}"
EndProject
Project("{2150E333-8FDC-42A3-9474-1A3956D46DE8}") = "Applications", "Applications", "{9F17602A-3013-4DC6-AB33-6635873429D0}"
EndProject
Project("{2150E333-8FDC-42A3-9474-1A3956D46DE8}") = "Tests", "Tests", "{ECDED3AC-5D03-413E-B6F4-12A9F7525484}"
EndProject
Project("{2150E333-8FDC-42A3-9474-1A3956D46DE8}") = "UIs", "UIs", "{9C0B91C8-EBD5-42AB-93F4-869F24E74DAF}"
EndProject
Project("{9A19103F-16F7-4668-BE54-9A1E7A4F7556}") = "ValueAndReferanceType", "ValueAndReferanceType\ValueAndReferanceType.csproj", "{86DF00FB-5A1B-47F6-962D-3B7EC908E6DB}"
EndProject
Project("{9A19103F-16F7-4668-BE54-9A1E7A4F7556}") = "ValueAndRefTypeApp", "ValueAndRefTypeApp\ValueAndRefTypeApp.csproj", "{F4C24AC9-16C1-45DF-B675-A73193A3D56B}"
EndProject
Project("{2150E333-8FDC-42A3-9474-1A3956D46DE8}") = "Applications Tests", "Applications Tests", "{C7764E07-05FA-42B8-AB0A-D7732DCB9280}"
EndProject
Project("{9A19103F-16F7-4668-BE54-9A1E7A4F7556}") = "ValueAndReferanceTypesTests", "ValueAndReferanceTypesTests\ValueAndReferanceTypesTests.csproj", "{14B03987-4E6E-456C-A135-BE4A4533ABD7}"
EndProject
Project("{9A19103F-16F7-4668-BE54-9A1E7A4F7556}") = "Array", "Array\Array.csproj", "{EAF01CD4-55E1-4FB9-A9A6-B84FEFE579F5}"
EndProject
Project("{9A19103F-16F7-4668-BE54-9A1E7A4F7556}") = "ArrayApp", "ArrayApp\ArrayApp.csproj", "{37FA3FA0-C9E0-48BB-953F-76AB585F8333}"
EndProject
Project("{2150E333-8FDC-42A3-9474-1A3956D46DE8}") = "ArrayTests", "ArrayTests", "{208D26E3-5A2D-4331-877C-CC84B7457D6B}"
EndProject
Project("{9A19103F-16F7-4668-BE54-9A1E7A4F7556}") = "ArrayTests", "ArrayTests\ArrayTests.csproj", "{704712B5-1F81-44F3-8FA8-D88C9C266835}"
EndProject
Project("{2150E333-8FDC-42A3-9474-1A3956D46DE8}") = "DataStructuresTests", "DataStructuresTests", "{81DB5AE9-5959-481A-BEC6-A175B117508A}"
EndProject
Project("{FAE04EC0-301F-11D3-BF4B-00C04F79EFBC}") = "CollectionTests", "CollectionTests\CollectionTests.csproj", "{6EE9DBAA-B75A-47F8-BEB1-CFB3C74BE956}"
EndProject
Project("{FAE04EC0-301F-11D3-BF4B-00C04F79EFBC}") = "LinkedListApp", "LinkedListApp\LinkedListApp.csproj", "{4E6533A0-DB71-46D9-AE43-706BC9A9761D}"
EndProject
Project("{FAE04EC0-301F-11D3-BF4B-00C04F79EFBC}") = "LinkedList", "LinkedList\LinkedList.csproj", "{09BB7CFC-B85A-4E56-AC65-434BA739C0EB}"
EndProject
Project("{2150E333-8FDC-42A3-9474-1A3956D46DE8}") = "LinkedListTests", "LinkedListTests", "{A57502F4-7E83-4B54-A35A-7F1806C3EFCA}"
EndProject
Project("{FAE04EC0-301F-11D3-BF4B-00C04F79EFBC}") = "LinkedListTest", "LinkedListTest\LinkedListTest.csproj", "{2DCDEC9C-5BA4-49C6-8FEB-E67D25282812}"
EndProject
Global
	GlobalSection(SolutionConfigurationPlatforms) = preSolution
		Debug|Any CPU = Debug|Any CPU
		Release|Any CPU = Release|Any CPU
	EndGlobalSection
	GlobalSection(ProjectConfigurationPlatforms) = postSolution
		{86DF00FB-5A1B-47F6-962D-3B7EC908E6DB}.Debug|Any CPU.ActiveCfg = Debug|Any CPU
		{86DF00FB-5A1B-47F6-962D-3B7EC908E6DB}.Debug|Any CPU.Build.0 = Debug|Any CPU
		{86DF00FB-5A1B-47F6-962D-3B7EC908E6DB}.Release|Any CPU.ActiveCfg = Release|Any CPU
		{86DF00FB-5A1B-47F6-962D-3B7EC908E6DB}.Release|Any CPU.Build.0 = Release|Any CPU
		{F4C24AC9-16C1-45DF-B675-A73193A3D56B}.Debug|Any CPU.ActiveCfg = Debug|Any CPU
		{F4C24AC9-16C1-45DF-B675-A73193A3D56B}.Debug|Any CPU.Build.0 = Debug|Any CPU
		{F4C24AC9-16C1-45DF-B675-A73193A3D56B}.Release|Any CPU.ActiveCfg = Release|Any CPU
		{F4C24AC9-16C1-45DF-B675-A73193A3D56B}.Release|Any CPU.Build.0 = Release|Any CPU
		{14B03987-4E6E-456C-A135-BE4A4533ABD7}.Debug|Any CPU.ActiveCfg = Debug|Any CPU
		{14B03987-4E6E-456C-A135-BE4A4533ABD7}.Debug|Any CPU.Build.0 = Debug|Any CPU
		{14B03987-4E6E-456C-A135-BE4A4533ABD7}.Release|Any CPU.ActiveCfg = Release|Any CPU
		{14B03987-4E6E-456C-A135-BE4A4533ABD7}.Release|Any CPU.Build.0 = Release|Any CPU
		{EAF01CD4-55E1-4FB9-A9A6-B84FEFE579F5}.Debug|Any CPU.ActiveCfg = Debug|Any CPU
		{EAF01CD4-55E1-4FB9-A9A6-B84FEFE579F5}.Debug|Any CPU.Build.0 = Debug|Any CPU
		{EAF01CD4-55E1-4FB9-A9A6-B84FEFE579F5}.Release|Any CPU.ActiveCfg = Release|Any CPU
		{EAF01CD4-55E1-4FB9-A9A6-B84FEFE579F5}.Release|Any CPU.Build.0 = Release|Any CPU
		{37FA3FA0-C9E0-48BB-953F-76AB585F8333}.Debug|Any CPU.ActiveCfg = Debug|Any CPU
		{37FA3FA0-C9E0-48BB-953F-76AB585F8333}.Debug|Any CPU.Build.0 = Debug|Any CPU
		{37FA3FA0-C9E0-48BB-953F-76AB585F8333}.Release|Any CPU.ActiveCfg = Release|Any CPU
		{37FA3FA0-C9E0-48BB-953F-76AB585F8333}.Release|Any CPU.Build.0 = Release|Any CPU
		{704712B5-1F81-44F3-8FA8-D88C9C266835}.Debug|Any CPU.ActiveCfg = Debug|Any CPU
		{704712B5-1F81-44F3-8FA8-D88C9C266835}.Debug|Any CPU.Build.0 = Debug|Any CPU
		{704712B5-1F81-44F3-8FA8-D88C9C266835}.Release|Any CPU.ActiveCfg = Release|Any CPU
		{704712B5-1F81-44F3-8FA8-D88C9C266835}.Release|Any CPU.Build.0 = Release|Any CPU
		{6EE9DBAA-B75A-47F8-BEB1-CFB3C74BE956}.Debug|Any CPU.ActiveCfg = Debug|Any CPU
		{6EE9DBAA-B75A-47F8-BEB1-CFB3C74BE956}.Debug|Any CPU.Build.0 = Debug|Any CPU
		{6EE9DBAA-B75A-47F8-BEB1-CFB3C74BE956}.Release|Any CPU.ActiveCfg = Release|Any CPU
		{6EE9DBAA-B75A-47F8-BEB1-CFB3C74BE956}.Release|Any CPU.Build.0 = Release|Any CPU
		{4E6533A0-DB71-46D9-AE43-706BC9A9761D}.Debug|Any CPU.ActiveCfg = Debug|Any CPU
		{4E6533A0-DB71-46D9-AE43-706BC9A9761D}.Debug|Any CPU.Build.0 = Debug|Any CPU
		{4E6533A0-DB71-46D9-AE43-706BC9A9761D}.Release|Any CPU.ActiveCfg = Release|Any CPU
		{4E6533A0-DB71-46D9-AE43-706BC9A9761D}.Release|Any CPU.Build.0 = Release|Any CPU
		{09BB7CFC-B85A-4E56-AC65-434BA739C0EB}.Debug|Any CPU.ActiveCfg = Debug|Any CPU
		{09BB7CFC-B85A-4E56-AC65-434BA739C0EB}.Debug|Any CPU.Build.0 = Debug|Any CPU
		{09BB7CFC-B85A-4E56-AC65-434BA739C0EB}.Release|Any CPU.ActiveCfg = Release|Any CPU
		{09BB7CFC-B85A-4E56-AC65-434BA739C0EB}.Release|Any CPU.Build.0 = Release|Any CPU
		{2DCDEC9C-5BA4-49C6-8FEB-E67D25282812}.Debug|Any CPU.ActiveCfg = Debug|Any CPU
		{2DCDEC9C-5BA4-49C6-8FEB-E67D25282812}.Debug|Any CPU.Build.0 = Debug|Any CPU
		{2DCDEC9C-5BA4-49C6-8FEB-E67D25282812}.Release|Any CPU.ActiveCfg = Release|Any CPU
		{2DCDEC9C-5BA4-49C6-8FEB-E67D25282812}.Release|Any CPU.Build.0 = Release|Any CPU
	EndGlobalSection
	GlobalSection(SolutionProperties) = preSolution
		HideSolutionNode = FALSE
	EndGlobalSection
	GlobalSection(NestedProjects) = preSolution
		{86DF00FB-5A1B-47F6-962D-3B7EC908E6DB} = {9F17602A-3013-4DC6-AB33-6635873429D0}
		{F4C24AC9-16C1-45DF-B675-A73193A3D56B} = {9C0B91C8-EBD5-42AB-93F4-869F24E74DAF}
		{C7764E07-05FA-42B8-AB0A-D7732DCB9280} = {ECDED3AC-5D03-413E-B6F4-12A9F7525484}
		{14B03987-4E6E-456C-A135-BE4A4533ABD7} = {C7764E07-05FA-42B8-AB0A-D7732DCB9280}
		{EAF01CD4-55E1-4FB9-A9A6-B84FEFE579F5} = {DD00406E-DAEE-4ECC-A2E6-AAF69DD5BAA4}
		{37FA3FA0-C9E0-48BB-953F-76AB585F8333} = {9C0B91C8-EBD5-42AB-93F4-869F24E74DAF}
		{208D26E3-5A2D-4331-877C-CC84B7457D6B} = {81DB5AE9-5959-481A-BEC6-A175B117508A}
		{704712B5-1F81-44F3-8FA8-D88C9C266835} = {208D26E3-5A2D-4331-877C-CC84B7457D6B}
		{81DB5AE9-5959-481A-BEC6-A175B117508A} = {ECDED3AC-5D03-413E-B6F4-12A9F7525484}
		{6EE9DBAA-B75A-47F8-BEB1-CFB3C74BE956} = {C7764E07-05FA-42B8-AB0A-D7732DCB9280}
		{4E6533A0-DB71-46D9-AE43-706BC9A9761D} = {9C0B91C8-EBD5-42AB-93F4-869F24E74DAF}
		{09BB7CFC-B85A-4E56-AC65-434BA739C0EB} = {DD00406E-DAEE-4ECC-A2E6-AAF69DD5BAA4}
		{A57502F4-7E83-4B54-A35A-7F1806C3EFCA} = {81DB5AE9-5959-481A-BEC6-A175B117508A}
		{2DCDEC9C-5BA4-49C6-8FEB-E67D25282812} = {A57502F4-7E83-4B54-A35A-7F1806C3EFCA}
	EndGlobalSection
	GlobalSection(ExtensibilityGlobals) = postSolution
		SolutionGuid = {12E85C21-F9BB-42CD-BD8D-4EECD9B388E5}
	EndGlobalSection
EndGlobal
